{
  "name": "paperclip-external-review-ui-v2",
  "version": "0.0.4",
  "lockfileVersion": 3,
  "requires": true,
  "packages": {
    "": {
      "name": "paperclip-external-review-ui-v2",
      "version": "0.0.4",
      "dependencies": {
        "@paperclipai/plugin-sdk": "file:/Users/andrewpilson/.npm/_npx/43414d9b790239bb/node_modules/@paperclipai/plugin-sdk"
      }
    },
    "../../../../.npm/_npx/43414d9b790239bb/node_modules/@paperclipai/plugin-sdk": {
      "version": "2026.325.0",
      "license": "MIT",
      "dependencies": {
        "@paperclipai/shared": "2026.325.0",
        "zod": "^3.24.2"
      },
      "bin": {
        "paperclip-plugin-dev-server": "dist/dev-cli.js"
      },
      "devDependencies": {
        "@types/node": "^24.6.0",
        "@types/react": "^19.0.8",
        "typescript": "^5.7.3"
      },
      "peerDependencies": {
        "react": ">=18"
      },
      "peerDependenciesMeta": {
        "react": {
          "optional": true
        }
      }
    },
    "node_modules/@paperclipai/plugin-sdk": {
      "resolved": "../../../../.npm/_npx/43414d9b790239bb/node_modules/@paperclipai/plugin-sdk",
      "link": true
    }
  }
}
